{
  "version": 1,
  "dependencies": {
    "net8.0": {
      "Microsoft.Extensions.Hosting": {
        "type": "Direct",
        "requested": "[8.0.0, )",
        "resolved": "8.0.1",
        "contentHash": "fixture-hosting-hash"
      },
      "Serilog.AspNetCore": {
        "type": "Direct",
        "requested": "[8.0.0, )",
        "resolved": "8.0.0",
        "contentHash": "fixture-serilog-aspnetcore-hash"
      }
    },
    "net9.0": {
      "Microsoft.Extensions.Hosting": {
        "type": "Direct",
        "requested": "[9.0.0, )",
        "resolved": "9.0.0",
        "contentHash": "fixture-hosting-hash-net9"
      },
      "Serilog.AspNetCore": {
        "type": "Direct",
        "requested": "[8.0.0, )",
        "resolved": "8.0.0",
        "contentHash": "fixture-serilog-aspnetcore-hash"
      }
    }
  }
}
